
Microsoft Visual Studio Solution File, Format Version 12.00
# Visual Studio Version 16
VisualStudioVersion = 16.0.30225.117
MinimumVisualStudioVersion = 10.0.40219.1
Project("{FAE04EC0-301F-11D3-BF4B-00C04F79EFBC}") = "NFUIRSL.HRTK", "NFUIRSL.HRTK\NFUIRSL.HRTK.csproj", "{23165E8B-D3D9-465A-98B3-AD90E97909C3}"
EndProject
Project("{FAE04EC0-301F-11D3-BF4B-00C04F79EFBC}") = "NFUIRSL.HRTK.UnitTests", "NFUIRSL.HRTK.UnitTests\NFUIRSL.HRTK.UnitTests.csproj", "{0064ACDF-3A06-4274-AAAB-5ABB110BCFBA}"
EndProject
Project("{FAE04EC0-301F-11D3-BF4B-00C04F79EFBC}") = "NFUIRSL.HRTK.Vision", "NFUIRSL.HRTK.Vision\NFUIRSL.HRTK.Vision.csproj", "{A55315ED-7DFB-47FA-8340-D1195ED73626}"
EndProject
Project("{FAE04EC0-301F-11D3-BF4B-00C04F79EFBC}") = "NFUIRSL.HRTK.Vision.TestForm", "NFUIRSL.HRTK.Vision.TestForm\NFUIRSL.HRTK.Vision.TestForm.csproj", "{ED0F8B09-565B-44A3-909A-6E2CB3738D16}"
EndProject
Global
	GlobalSection(SolutionConfigurationPlatforms) = preSolution
		Debug|Any CPU = Debug|Any CPU
		Debug|x64 = Debug|x64
		Release|Any CPU = Release|Any CPU
		Release|x64 = Release|x64
	EndGlobalSection
	GlobalSection(ProjectConfigurationPlatforms) = postSolution
		{23165E8B-D3D9-465A-98B3-AD90E97909C3}.Debug|Any CPU.ActiveCfg = Debug|Any CPU
		{23165E8B-D3D9-465A-98B3-AD90E97909C3}.Debug|Any CPU.Build.0 = Debug|Any CPU
		{23165E8B-D3D9-465A-98B3-AD90E97909C3}.Debug|x64.ActiveCfg = Debug|Any CPU
		{23165E8B-D3D9-465A-98B3-AD90E97909C3}.Debug|x64.Build.0 = Debug|Any CPU
		{23165E8B-D3D9-465A-98B3-AD90E97909C3}.Release|Any CPU.ActiveCfg = Release|Any CPU
		{23165E8B-D3D9-465A-98B3-AD90E97909C3}.Release|Any CPU.Build.0 = Release|Any CPU
		{23165E8B-D3D9-465A-98B3-AD90E97909C3}.Release|x64.ActiveCfg = Release|Any CPU
		{23165E8B-D3D9-465A-98B3-AD90E97909C3}.Release|x64.Build.0 = Release|Any CPU
		{0064ACDF-3A06-4274-AAAB-5ABB110BCFBA}.Debug|Any CPU.ActiveCfg = Debug|Any CPU
		{0064ACDF-3A06-4274-AAAB-5ABB110BCFBA}.Debug|Any CPU.Build.0 = Debug|Any CPU
		{0064ACDF-3A06-4274-AAAB-5ABB110BCFBA}.Debug|x64.ActiveCfg = Debug|Any CPU
		{0064ACDF-3A06-4274-AAAB-5ABB110BCFBA}.Debug|x64.Build.0 = Debug|Any CPU
		{0064ACDF-3A06-4274-AAAB-5ABB110BCFBA}.Release|Any CPU.ActiveCfg = Release|Any CPU
		{0064ACDF-3A06-4274-AAAB-5ABB110BCFBA}.Release|Any CPU.Build.0 = Release|Any CPU
		{0064ACDF-3A06-4274-AAAB-5ABB110BCFBA}.Release|x64.ActiveCfg = Release|Any CPU
		{0064ACDF-3A06-4274-AAAB-5ABB110BCFBA}.Release|x64.Build.0 = Release|Any CPU
		{A55315ED-7DFB-47FA-8340-D1195ED73626}.Debug|Any CPU.ActiveCfg = Debug|Any CPU
		{A55315ED-7DFB-47FA-8340-D1195ED73626}.Debug|Any CPU.Build.0 = Debug|Any CPU
		{A55315ED-7DFB-47FA-8340-D1195ED73626}.Debug|x64.ActiveCfg = Debug|Any CPU
		{A55315ED-7DFB-47FA-8340-D1195ED73626}.Debug|x64.Build.0 = Debug|Any CPU
		{A55315ED-7DFB-47FA-8340-D1195ED73626}.Release|Any CPU.ActiveCfg = Release|Any CPU
		{A55315ED-7DFB-47FA-8340-D1195ED73626}.Release|Any CPU.Build.0 = Release|Any CPU
		{A55315ED-7DFB-47FA-8340-D1195ED73626}.Release|x64.ActiveCfg = Release|Any CPU
		{A55315ED-7DFB-47FA-8340-D1195ED73626}.Release|x64.Build.0 = Release|Any CPU
		{ED0F8B09-565B-44A3-909A-6E2CB3738D16}.Debug|Any CPU.ActiveCfg = Debug|Any CPU
		{ED0F8B09-565B-44A3-909A-6E2CB3738D16}.Debug|Any CPU.Build.0 = Debug|Any CPU
		{ED0F8B09-565B-44A3-909A-6E2CB3738D16}.Debug|x64.ActiveCfg = Debug|Any CPU
		{ED0F8B09-565B-44A3-909A-6E2CB3738D16}.Debug|x64.Build.0 = Debug|Any CPU
		{ED0F8B09-565B-44A3-909A-6E2CB3738D16}.Release|Any CPU.ActiveCfg = Release|Any CPU
		{ED0F8B09-565B-44A3-909A-6E2CB3738D16}.Release|Any CPU.Build.0 = Release|Any CPU
		{ED0F8B09-565B-44A3-909A-6E2CB3738D16}.Release|x64.ActiveCfg = Release|Any CPU
		{ED0F8B09-565B-44A3-909A-6E2CB3738D16}.Release|x64.Build.0 = Release|Any CPU
	EndGlobalSection
	GlobalSection(SolutionProperties) = preSolution
		HideSolutionNode = FALSE
	EndGlobalSection
	GlobalSection(ExtensibilityGlobals) = postSolution
		SolutionGuid = {C17A93D2-B85D-454E-AA33-2048AFB918A6}
	EndGlobalSection
EndGlobal
