
Microsoft Visual Studio Solution File, Format Version 12.00
# Visual Studio Version 17
VisualStudioVersion = 17.0.31903.59
MinimumVisualStudioVersion = 10.0.40219.1
Project("{FAE04EC0-301F-11D3-BF4B-00C04F79EFBC}") = "RASDK.Basic", "RASDK.Basic\RASDK.Basic.csproj", "{CD68C0C8-E211-4ECC-93EC-ECE9054777A3}"
EndProject
Project("{FAE04EC0-301F-11D3-BF4B-00C04F79EFBC}") = "RASDK.Gripper", "RASDK.Gripper\RASDK.Gripper.csproj", "{7B304B62-73E6-4C9A-AB7A-E118C6905B4E}"
EndProject
Project("{FAE04EC0-301F-11D3-BF4B-00C04F79EFBC}") = "RASDK.Arm", "RASDK.Arm\RASDK.Arm.csproj", "{B3E315F9-6979-4ACD-A1A5-2FA0BBECFEAB}"
EndProject
Project("{FAE04EC0-301F-11D3-BF4B-00C04F79EFBC}") = "RASDK.Arm.TestForms", "RASDK.Arm.TestForms\RASDK.Arm.TestForms.csproj", "{3D2A359F-F2ED-457B-8DAE-65D3045533A4}"
EndProject
Project("{FAE04EC0-301F-11D3-BF4B-00C04F79EFBC}") = "RASDK.Basic.TestForms", "RASDK.Basic.TestForms\RASDK.Basic.TestForms.csproj", "{1152FCC8-BF00-453F-8A18-CAF8CD4E48BA}"
EndProject
Project("{2150E333-8FDC-42A3-9474-1A3956D46DE8}") = "Solution Items", "Solution Items", "{6DDB2671-64F1-4B36-897D-754D6658BFB2}"
	ProjectSection(SolutionItems) = preProject
		README.md = README.md
	EndProjectSection
EndProject
Global
	GlobalSection(SolutionConfigurationPlatforms) = preSolution
		Debug|Any CPU = Debug|Any CPU
		Debug|x64 = Debug|x64
		Release|Any CPU = Release|Any CPU
		Release|x64 = Release|x64
	EndGlobalSection
	GlobalSection(ProjectConfigurationPlatforms) = postSolution
		{CD68C0C8-E211-4ECC-93EC-ECE9054777A3}.Debug|Any CPU.ActiveCfg = Debug|Any CPU
		{CD68C0C8-E211-4ECC-93EC-ECE9054777A3}.Debug|Any CPU.Build.0 = Debug|Any CPU
		{CD68C0C8-E211-4ECC-93EC-ECE9054777A3}.Debug|x64.ActiveCfg = Debug|x64
		{CD68C0C8-E211-4ECC-93EC-ECE9054777A3}.Debug|x64.Build.0 = Debug|x64
		{CD68C0C8-E211-4ECC-93EC-ECE9054777A3}.Release|Any CPU.ActiveCfg = Release|Any CPU
		{CD68C0C8-E211-4ECC-93EC-ECE9054777A3}.Release|Any CPU.Build.0 = Release|Any CPU
		{CD68C0C8-E211-4ECC-93EC-ECE9054777A3}.Release|x64.ActiveCfg = Release|x64
		{CD68C0C8-E211-4ECC-93EC-ECE9054777A3}.Release|x64.Build.0 = Release|x64
		{7B304B62-73E6-4C9A-AB7A-E118C6905B4E}.Debug|Any CPU.ActiveCfg = Debug|Any CPU
		{7B304B62-73E6-4C9A-AB7A-E118C6905B4E}.Debug|Any CPU.Build.0 = Debug|Any CPU
		{7B304B62-73E6-4C9A-AB7A-E118C6905B4E}.Debug|x64.ActiveCfg = Debug|x64
		{7B304B62-73E6-4C9A-AB7A-E118C6905B4E}.Debug|x64.Build.0 = Debug|x64
		{7B304B62-73E6-4C9A-AB7A-E118C6905B4E}.Release|Any CPU.ActiveCfg = Release|Any CPU
		{7B304B62-73E6-4C9A-AB7A-E118C6905B4E}.Release|Any CPU.Build.0 = Release|Any CPU
		{7B304B62-73E6-4C9A-AB7A-E118C6905B4E}.Release|x64.ActiveCfg = Release|x64
		{7B304B62-73E6-4C9A-AB7A-E118C6905B4E}.Release|x64.Build.0 = Release|x64
		{B3E315F9-6979-4ACD-A1A5-2FA0BBECFEAB}.Debug|Any CPU.ActiveCfg = Debug|Any CPU
		{B3E315F9-6979-4ACD-A1A5-2FA0BBECFEAB}.Debug|Any CPU.Build.0 = Debug|Any CPU
		{B3E315F9-6979-4ACD-A1A5-2FA0BBECFEAB}.Debug|x64.ActiveCfg = Debug|x64
		{B3E315F9-6979-4ACD-A1A5-2FA0BBECFEAB}.Debug|x64.Build.0 = Debug|x64
		{B3E315F9-6979-4ACD-A1A5-2FA0BBECFEAB}.Release|Any CPU.ActiveCfg = Release|Any CPU
		{B3E315F9-6979-4ACD-A1A5-2FA0BBECFEAB}.Release|Any CPU.Build.0 = Release|Any CPU
		{B3E315F9-6979-4ACD-A1A5-2FA0BBECFEAB}.Release|x64.ActiveCfg = Release|x64
		{B3E315F9-6979-4ACD-A1A5-2FA0BBECFEAB}.Release|x64.Build.0 = Release|x64
		{3D2A359F-F2ED-457B-8DAE-65D3045533A4}.Debug|Any CPU.ActiveCfg = Debug|Any CPU
		{3D2A359F-F2ED-457B-8DAE-65D3045533A4}.Debug|Any CPU.Build.0 = Debug|Any CPU
		{3D2A359F-F2ED-457B-8DAE-65D3045533A4}.Debug|x64.ActiveCfg = Debug|x64
		{3D2A359F-F2ED-457B-8DAE-65D3045533A4}.Debug|x64.Build.0 = Debug|x64
		{3D2A359F-F2ED-457B-8DAE-65D3045533A4}.Release|Any CPU.ActiveCfg = Release|Any CPU
		{3D2A359F-F2ED-457B-8DAE-65D3045533A4}.Release|Any CPU.Build.0 = Release|Any CPU
		{3D2A359F-F2ED-457B-8DAE-65D3045533A4}.Release|x64.ActiveCfg = Release|x64
		{3D2A359F-F2ED-457B-8DAE-65D3045533A4}.Release|x64.Build.0 = Release|x64
		{1152FCC8-BF00-453F-8A18-CAF8CD4E48BA}.Debug|Any CPU.ActiveCfg = Debug|Any CPU
		{1152FCC8-BF00-453F-8A18-CAF8CD4E48BA}.Debug|Any CPU.Build.0 = Debug|Any CPU
		{1152FCC8-BF00-453F-8A18-CAF8CD4E48BA}.Debug|x64.ActiveCfg = Debug|Any CPU
		{1152FCC8-BF00-453F-8A18-CAF8CD4E48BA}.Debug|x64.Build.0 = Debug|Any CPU
		{1152FCC8-BF00-453F-8A18-CAF8CD4E48BA}.Release|Any CPU.ActiveCfg = Release|Any CPU
		{1152FCC8-BF00-453F-8A18-CAF8CD4E48BA}.Release|Any CPU.Build.0 = Release|Any CPU
		{1152FCC8-BF00-453F-8A18-CAF8CD4E48BA}.Release|x64.ActiveCfg = Release|Any CPU
		{1152FCC8-BF00-453F-8A18-CAF8CD4E48BA}.Release|x64.Build.0 = Release|Any CPU
	EndGlobalSection
	GlobalSection(SolutionProperties) = preSolution
		HideSolutionNode = FALSE
	EndGlobalSection
	GlobalSection(ExtensibilityGlobals) = postSolution
		SolutionGuid = {E660B819-07A0-4A0C-B2E8-BBD41C0A1FB0}
	EndGlobalSection
EndGlobal
